
Microsoft Visual Studio Solution File, Format Version 12.00
# Visual Studio Version 17
VisualStudioVersion = 17.10.35122.118
MinimumVisualStudioVersion = 10.0.40219.1
Project("{9A19103F-16F7-4668-BE54-9A1E7A4F7556}") = "CalBromeExpansion", "CalBromeExpansion.csproj", "{33C3D458-E25B-40C6-AAA3-5F7415E9FF1A}"
EndProject
Global
	GlobalSection(SolutionConfigurationPlatforms) = preSolution
		Debug|Any CPU = Debug|Any CPU
		Release|Any CPU = Release|Any CPU
	EndGlobalSection
	GlobalSection(ProjectConfigurationPlatforms) = postSolution
		{33C3D458-E25B-40C6-AAA3-5F7415E9FF1A}.Debug|Any CPU.ActiveCfg = Debug|Any CPU
		{33C3D458-E25B-40C6-AAA3-5F7415E9FF1A}.Debug|Any CPU.Build.0 = Debug|Any CPU
		{33C3D458-E25B-40C6-AAA3-5F7415E9FF1A}.Release|Any CPU.ActiveCfg = Release|Any CPU
		{33C3D458-E25B-40C6-AAA3-5F7415E9FF1A}.Release|Any CPU.Build.0 = Release|Any CPU
	EndGlobalSection
	GlobalSection(SolutionProperties) = preSolution
		HideSolutionNode = FALSE
	EndGlobalSection
	GlobalSection(ExtensibilityGlobals) = postSolution
		SolutionGuid = {1F5B1AFB-46BC-4BF6-A489-7981B00F051F}
	EndGlobalSection
EndGlobal
